
Microsoft Visual Studio Solution File, Format Version 12.00
# Visual Studio 15
Project("{FAE04EC0-301F-11D3-BF4B-00C04F79EFBC}") = "TicTacToeExercise", "TicTacToeExercise\TicTacToeExercise.csproj", "{79BEC24B-A7A8-4C3C-A7AF-1B4F62A2F936}"
EndProject
Global
	GlobalSection(SolutionConfigurationPlatforms) = preSolution
		Debug|Any CPU = Debug|Any CPU
		Release|Any CPU = Release|Any CPU
	EndGlobalSection
	GlobalSection(ProjectConfigurationPlatforms) = postSolution
		{79BEC24B-A7A8-4C3C-A7AF-1B4F62A2F936}.Debug|Any CPU.ActiveCfg = Debug|Any CPU
		{79BEC24B-A7A8-4C3C-A7AF-1B4F62A2F936}.Debug|Any CPU.Build.0 = Debug|Any CPU
		{79BEC24B-A7A8-4C3C-A7AF-1B4F62A2F936}.Release|Any CPU.ActiveCfg = Release|Any CPU
		{79BEC24B-A7A8-4C3C-A7AF-1B4F62A2F936}.Release|Any CPU.Build.0 = Release|Any CPU
	EndGlobalSection
EndGlobal
